
Microsoft Visual Studio Solution File, Format Version 12.00
# Visual Studio Version 16
VisualStudioVersion = 16.0.31424.327
MinimumVisualStudioVersion = 10.0.40219.1
Project("{FAE04EC0-301F-11D3-BF4B-00C04F79EFBC}") = "Baran", "Baran\Baran.csproj", "{69095E34-616E-4A66-885C-C2C993293F9F}"
EndProject
Project("{FAE04EC0-301F-11D3-BF4B-00C04F79EFBC}") = "BaranLibrary", "BaranLibrary\BaranLibrary.csproj", "{BAEA9387-5362-4237-AF2B-897CD8A61A10}"
EndProject
Project("{FAE04EC0-301F-11D3-BF4B-00C04F79EFBC}") = "BaranDataAccess", "BaranDataAccess\BaranDataAccess.csproj", "{EE4EEA8A-5F92-44B6-AC58-9A3DA97EFE6C}"
EndProject
Project("{FAE04EC0-301F-11D3-BF4B-00C04F79EFBC}") = "BaranViewModels", "BaranViewModels\BaranViewModels.csproj", "{9EE30EE9-7E12-4E38-9B21-6E426AC806DD}"
EndProject
Global
	GlobalSection(SolutionConfigurationPlatforms) = preSolution
		Debug|Any CPU = Debug|Any CPU
		Release|Any CPU = Release|Any CPU
	EndGlobalSection
	GlobalSection(ProjectConfigurationPlatforms) = postSolution
		{69095E34-616E-4A66-885C-C2C993293F9F}.Debug|Any CPU.ActiveCfg = Debug|Any CPU
		{69095E34-616E-4A66-885C-C2C993293F9F}.Debug|Any CPU.Build.0 = Debug|Any CPU
		{69095E34-616E-4A66-885C-C2C993293F9F}.Release|Any CPU.ActiveCfg = Release|Any CPU
		{69095E34-616E-4A66-885C-C2C993293F9F}.Release|Any CPU.Build.0 = Release|Any CPU
		{BAEA9387-5362-4237-AF2B-897CD8A61A10}.Debug|Any CPU.ActiveCfg = Debug|Any CPU
		{BAEA9387-5362-4237-AF2B-897CD8A61A10}.Debug|Any CPU.Build.0 = Debug|Any CPU
		{BAEA9387-5362-4237-AF2B-897CD8A61A10}.Release|Any CPU.ActiveCfg = Release|Any CPU
		{BAEA9387-5362-4237-AF2B-897CD8A61A10}.Release|Any CPU.Build.0 = Release|Any CPU
		{EE4EEA8A-5F92-44B6-AC58-9A3DA97EFE6C}.Debug|Any CPU.ActiveCfg = Debug|Any CPU
		{EE4EEA8A-5F92-44B6-AC58-9A3DA97EFE6C}.Debug|Any CPU.Build.0 = Debug|Any CPU
		{EE4EEA8A-5F92-44B6-AC58-9A3DA97EFE6C}.Release|Any CPU.ActiveCfg = Release|Any CPU
		{EE4EEA8A-5F92-44B6-AC58-9A3DA97EFE6C}.Release|Any CPU.Build.0 = Release|Any CPU
		{9EE30EE9-7E12-4E38-9B21-6E426AC806DD}.Debug|Any CPU.ActiveCfg = Debug|Any CPU
		{9EE30EE9-7E12-4E38-9B21-6E426AC806DD}.Debug|Any CPU.Build.0 = Debug|Any CPU
		{9EE30EE9-7E12-4E38-9B21-6E426AC806DD}.Release|Any CPU.ActiveCfg = Release|Any CPU
		{9EE30EE9-7E12-4E38-9B21-6E426AC806DD}.Release|Any CPU.Build.0 = Release|Any CPU
	EndGlobalSection
	GlobalSection(SolutionProperties) = preSolution
		HideSolutionNode = FALSE
	EndGlobalSection
	GlobalSection(ExtensibilityGlobals) = postSolution
		SolutionGuid = {3351373B-2B90-4B97-8DC4-0691BE432580}
	EndGlobalSection
EndGlobal
